
Microsoft Visual Studio Solution File, Format Version 12.00
# Visual Studio Version 16
VisualStudioVersion = 16.0.31702.278
MinimumVisualStudioVersion = 10.0.40219.1
Project("{FAE04EC0-301F-11D3-BF4B-00C04F79EFBC}") = "OutlookCloseToMinimize", "OutlookCloseToMinimize.csproj", "{A37168BF-4330-4D80-8099-A7ADF94B21C2}"
EndProject
Global
	GlobalSection(SolutionConfigurationPlatforms) = preSolution
		Debug|Any CPU = Debug|Any CPU
		Release|Any CPU = Release|Any CPU
	EndGlobalSection
	GlobalSection(ProjectConfigurationPlatforms) = postSolution
		{A37168BF-4330-4D80-8099-A7ADF94B21C2}.Debug|Any CPU.ActiveCfg = Debug|Any CPU
		{A37168BF-4330-4D80-8099-A7ADF94B21C2}.Debug|Any CPU.Build.0 = Debug|Any CPU
		{A37168BF-4330-4D80-8099-A7ADF94B21C2}.Release|Any CPU.ActiveCfg = Release|Any CPU
		{A37168BF-4330-4D80-8099-A7ADF94B21C2}.Release|Any CPU.Build.0 = Release|Any CPU
	EndGlobalSection
	GlobalSection(SolutionProperties) = preSolution
		HideSolutionNode = FALSE
	EndGlobalSection
	GlobalSection(ExtensibilityGlobals) = postSolution
		SolutionGuid = {08E17BA9-A253-4B5E-8B87-12210555F0EB}
	EndGlobalSection
EndGlobal
